<?xml version="1.0" encoding="utf-8"?>
<Project ToolsVersion="4.0" xmlns="http://schemas.microsoft.com/developer/msbuild/2003">
  <ItemGroup>
    <Filter Include="Source Files">
      <UniqueIdentifier>{4FC737F1-C7A5-4376-A066-2A32D752A2FF}</UniqueIdentifier>
      <Extensions>cpp;c;cc;cxx;c++;cppm;ixx;def;odl;idl;hpj;bat;asm;asmx</Extensions>
    </Filter>
    <Filter Include="Header Files">
      <UniqueIdentifier>{93995380-89BD-4b04-88EB-625FBE52EBFB}</UniqueIdentifier>
      <Extensions>h;hh;hpp;hxx;h++;hm;inl;inc;ipp;xsd</Extensions>
    </Filter>
    <Filter Include="Resource Files">
      <UniqueIdentifier>{67DA6AB6-F800-4c08-8B7A-83BB121AAD01}</UniqueIdentifier>
      <Extensions>rc;ico;cur;bmp;dlg;rc2;rct;bin;rgs;gif;jpg;jpeg;jpe;resx;tiff;tif;png;wav;mfcribbon-ms</Extensions>
    </Filter>
    <Filter Include="Resource Files\Texture">
      <UniqueIdentifier>{ae75959e-70dd-4422-b665-df5e5075e19a}</UniqueIdentifier>
    </Filter>
    <Filter Include="Resource Files\Texture\Tiles">
      <UniqueIdentifier>{34b35ad7-42b4-4651-a096-e626b9959364}</UniqueIdentifier>
    </Filter>
    <Filter Include="Resource Files\Texture\Background">
      <UniqueIdentifier>{651c3cc6-c118-404d-a001-b3c57800bc40}</UniqueIdentifier>
    </Filter>
    <Filter Include="Header Files\Scene">
      <UniqueIdentifier>{04f1dfc9-5908-4fe0-b18b-a4bc793127a1}</UniqueIdentifier>
    </Filter>
    <Filter Include="Source Files\Scene">
      <UniqueIdentifier>{88a28f6f-991c-4fac-ad13-7300c624afbc}</UniqueIdentifier>
    </Filter>
    <Filter Include="Resource Files\Texture\Player">
      <UniqueIdentifier>{4a6278e9-bdce-4da1-bbd5-f89414d6b34f}</UniqueIdentifier>
    </Filter>
    <Filter Include="Resource Files\Texture\Player\Walk">
      <UniqueIdentifier>{dc084cdf-1a3f-4ebe-91c0-55a2d9c9809c}</UniqueIdentifier>
    </Filter>
    <Filter Include="Resource Files\Texture\Player\Stand">
      <UniqueIdentifier>{2b804cf0-2702-43a4-811e-84544cacbed9}</UniqueIdentifier>
    </Filter>
    <Filter Include="Resource Files\Icon">
      <UniqueIdentifier>{a29c1a76-137b-4b8e-a7e7-86e6e04317e7}</UniqueIdentifier>
    </Filter>
    <Filter Include="Resource Files\Texture\Door">
      <UniqueIdentifier>{7b2362d9-f249-488b-b15c-e5bb29daa470}</UniqueIdentifier>
    </Filter>
    <Filter Include="Resource Files\Texture\FloorObj">
      <UniqueIdentifier>{e536b9f0-cba2-4726-8df1-15619f28811d}</UniqueIdentifier>
    </Filter>
    <Filter Include="Resource Files\Shaders">
      <UniqueIdentifier>{1e15b98e-c891-4550-8983-183851996181}</UniqueIdentifier>
    </Filter>
    <Filter Include="Resource Files\Texture\NPC">
      <UniqueIdentifier>{35677b1f-0202-473a-a916-68eea5c7a244}</UniqueIdentifier>
    </Filter>
  </ItemGroup>
  <ItemGroup>
    <None Include="..\README.md">
      <Filter>Resource Files</Filter>
    </None>
    <None Include="Resource\Shaders\shader.frag">
      <Filter>Resource Files\Shaders</Filter>
    </None>
    <None Include="Resource\Shaders\shader.vert">
      <Filter>Resource Files\Shaders</Filter>
    </None>
    <None Include="Resource\Texture\Player\Walk\walk_spritesheet.json">
      <Filter>Resource Files\Texture\Player\Walk</Filter>
    </None>
    <None Include="Resource\Shaders\shadow_shader.frag">
      <Filter>Resource Files\Shaders</Filter>
    </None>
    <None Include="Resource\Shaders\shadow_shader.vert">
      <Filter>Resource Files\Shaders</Filter>
    </None>
    <None Include="Resource\Texture\Player\Stand\stand_spritesheet.json">
      <Filter>Resource Files\Texture\Player\Stand</Filter>
    </None>
    <None Include="Resource\Texture\NPC\npc_spritesheet.json">
      <Filter>Resource Files\Texture\NPC</Filter>
    </None>
  </ItemGroup>
  <ItemGroup>
    <ClInclude Include="Header\exception.hpp">
      <Filter>Header Files</Filter>
    </ClInclude>
    <ClInclude Include="Header\game.hpp">
      <Filter>Header Files</Filter>
    </ClInclude>
    <ClInclude Include="Header\gamewindow.hpp">
      <Filter>Header Files</Filter>
    </ClInclude>
    <ClInclude Include="Header\glerrorcheck.hpp">
      <Filter>Header Files</Filter>
    </ClInclude>
    <ClInclude Include="Header\shaderexception.hpp">
      <Filter>Header Files</Filter>
    </ClInclude>
    <ClInclude Include="Header\shaderprogram.hpp">
      <Filter>Header Files</Filter>
    </ClInclude>
    <ClInclude Include="Header\stb_image.h">
      <Filter>Header Files</Filter>
    </ClInclude>
    <ClInclude Include="Header\texture.hpp">
      <Filter>Header Files</Filter>
    </ClInclude>
    <ClInclude Include="Header\geometrynode.hpp">
      <Filter>Header Files\Scene</Filter>
    </ClInclude>
    <ClInclude Include="Header\scenenode.hpp">
      <Filter>Header Files\Scene</Filter>
    </ClInclude>
    <ClInclude Include="Header\background.hpp">
      <Filter>Header Files\Scene</Filter>
    </ClInclude>
    <ClInclude Include="Header\scenemanager.hpp">
      <Filter>Header Files\Scene</Filter>
    </ClInclude>
    <ClInclude Include="Header\constant.hpp">
      <Filter>Header Files</Filter>
    </ClInclude>
    <ClInclude Include="Header\map.hpp">
      <Filter>Header Files\Scene</Filter>
    </ClInclude>
    <ClInclude Include="Header\sceneone.hpp">
      <Filter>Header Files\Scene</Filter>
    </ClInclude>
    <ClInclude Include="Header\player.hpp">
      <Filter>Header Files\Scene</Filter>
    </ClInclude>
    <ClInclude Include="Header\json.hpp">
      <Filter>Header Files</Filter>
    </ClInclude>
    <ClInclude Include="resource.h">
      <Filter>Header Files</Filter>
    </ClInclude>
    <ClInclude Include="resource1.h">
      <Filter>Header Files</Filter>
    </ClInclude>
    <ClInclude Include="Header\floor.hpp">
      <Filter>Header Files\Scene</Filter>
    </ClInclude>
    <ClInclude Include="Header\floorobj.hpp">
      <Filter>Header Files\Scene</Filter>
    </ClInclude>
    <ClInclude Include="Header\npc.hpp">
      <Filter>Header Files\Scene</Filter>
    </ClInclude>
  </ItemGroup>
  <ItemGroup>
    <ClCompile Include="Source\game.cpp">
      <Filter>Source Files</Filter>
    </ClCompile>
    <ClCompile Include="Source\gamewindow.cpp">
      <Filter>Source Files</Filter>
    </ClCompile>
    <ClCompile Include="Source\glerrorcheck.cpp">
      <Filter>Source Files</Filter>
    </ClCompile>
    <ClCompile Include="Source\shaderprogram.cpp">
      <Filter>Source Files</Filter>
    </ClCompile>
    <ClCompile Include="main.cpp">
      <Filter>Source Files</Filter>
    </ClCompile>
    <ClCompile Include="Source\texture.cpp">
      <Filter>Source Files</Filter>
    </ClCompile>
    <ClCompile Include="Source\background.cpp">
      <Filter>Source Files\Scene</Filter>
    </ClCompile>
    <ClCompile Include="Source\geometrynode.cpp">
      <Filter>Source Files\Scene</Filter>
    </ClCompile>
    <ClCompile Include="Source\scenenode.cpp">
      <Filter>Source Files\Scene</Filter>
    </ClCompile>
    <ClCompile Include="Source\scenemanager.cpp">
      <Filter>Source Files\Scene</Filter>
    </ClCompile>
    <ClCompile Include="Source\map.cpp">
      <Filter>Source Files\Scene</Filter>
    </ClCompile>
    <ClCompile Include="Source\sceneone.cpp">
      <Filter>Source Files\Scene</Filter>
    </ClCompile>
    <ClCompile Include="Source\player.cpp">
      <Filter>Source Files\Scene</Filter>
    </ClCompile>
    <ClCompile Include="Source\floor.cpp">
      <Filter>Source Files\Scene</Filter>
    </ClCompile>
    <ClCompile Include="Source\floorobj.cpp">
      <Filter>Source Files\Scene</Filter>
    </ClCompile>
    <ClCompile Include="Source\npc.cpp">
      <Filter>Source Files\Scene</Filter>
    </ClCompile>
  </ItemGroup>
  <ItemGroup>
    <Image Include="Resource\Texture\Tiles\grassTile.png">
      <Filter>Resource Files\Texture\Tiles</Filter>
    </Image>
    <Image Include="Resource\Texture\Background\backgroundFar.png">
      <Filter>Resource Files\Texture\Background</Filter>
    </Image>
    <Image Include="Resource\Texture\Background\backgoundMid.png">
      <Filter>Resource Files\Texture\Background</Filter>
    </Image>
    <Image Include="Resource\Texture\Tiles\roadTile.png">
      <Filter>Resource Files\Texture\Tiles</Filter>
    </Image>
    <Image Include="Resource\Texture\Player\Walk\walk_spritesheet.png">
      <Filter>Resource Files\Texture\Player\Walk</Filter>
    </Image>
    <Image Include="Resource\Icon\icon.ico">
      <Filter>Resource Files\Icon</Filter>
    </Image>
    <Image Include="Resource\Icon\icon.jfif">
      <Filter>Resource Files\Icon</Filter>
    </Image>
    <Image Include="Resource\Texture\FloorObj\tree.png">
      <Filter>Resource Files\Texture\FloorObj</Filter>
    </Image>
    <Image Include="Resource\Texture\Player\Stand\stand_spritesheet.png">
      <Filter>Resource Files\Texture\Player\Stand</Filter>
    </Image>
    <Image Include="Resource\Texture\Door\sideBossDoor.png">
      <Filter>Resource Files\Texture\Door</Filter>
    </Image>
    <Image Include="Resource\Texture\Door\sideNormalDoor.png">
      <Filter>Resource Files\Texture\Door</Filter>
    </Image>
    <Image Include="Resource\Texture\Door\doorBush.png">
      <Filter>Resource Files\Texture\Door</Filter>
    </Image>
    <Image Include="Resource\Texture\NPC\npc_spritesheet.png">
      <Filter>Resource Files\Texture\NPC</Filter>
    </Image>
    <Image Include="Resource\Texture\NPC\npcDialogHead.png">
      <Filter>Resource Files\Texture\NPC</Filter>
    </Image>
  </ItemGroup>
</Project>