<?xml version="1.0" encoding="utf-8"?>
<Project ToolsVersion="4.0" xmlns="http://schemas.microsoft.com/developer/msbuild/2003">
  <ItemGroup>
    <Filter Include="Source Files">
      <UniqueIdentifier>{4FC737F1-C7A5-4376-A066-2A32D752A2FF}</UniqueIdentifier>
      <Extensions>cpp;c;cc;cxx;c++;cppm;ixx;def;odl;idl;hpj;bat;asm;asmx</Extensions>
    </Filter>
    <Filter Include="Header Files">
      <UniqueIdentifier>{93995380-89BD-4b04-88EB-625FBE52EBFB}</UniqueIdentifier>
      <Extensions>h;hh;hpp;hxx;h++;hm;inl;inc;ipp;xsd</Extensions>
    </Filter>
    <Filter Include="Resource Files">
      <UniqueIdentifier>{67DA6AB6-F800-4c08-8B7A-83BB121AAD01}</UniqueIdentifier>
      <Extensions>rc;ico;cur;bmp;dlg;rc2;rct;bin;rgs;gif;jpg;jpeg;jpe;resx;tiff;tif;png;wav;mfcribbon-ms</Extensions>
    </Filter>
    <Filter Include="Resource Files\Shader">
      <UniqueIdentifier>{1e15b98e-c891-4550-8983-183851996181}</UniqueIdentifier>
    </Filter>
    <Filter Include="Resource Files\Texture">
      <UniqueIdentifier>{ae75959e-70dd-4422-b665-df5e5075e19a}</UniqueIdentifier>
    </Filter>
    <Filter Include="Resource Files\Texture\Tiles">
      <UniqueIdentifier>{34b35ad7-42b4-4651-a096-e626b9959364}</UniqueIdentifier>
    </Filter>
    <Filter Include="Resource Files\Texture\Background">
      <UniqueIdentifier>{651c3cc6-c118-404d-a001-b3c57800bc40}</UniqueIdentifier>
    </Filter>
    <Filter Include="Header Files\Scene">
      <UniqueIdentifier>{04f1dfc9-5908-4fe0-b18b-a4bc793127a1}</UniqueIdentifier>
    </Filter>
    <Filter Include="Source Files\Scene">
      <UniqueIdentifier>{88a28f6f-991c-4fac-ad13-7300c624afbc}</UniqueIdentifier>
    </Filter>
  </ItemGroup>
  <ItemGroup>
    <None Include="..\README.md">
      <Filter>Resource Files</Filter>
    </None>
    <None Include="Resource\Shaders\shader.frag">
      <Filter>Resource Files\Shader</Filter>
    </None>
    <None Include="Resource\Shaders\shader.vert">
      <Filter>Resource Files\Shader</Filter>
    </None>
  </ItemGroup>
  <ItemGroup>
    <ClInclude Include="Header\exception.hpp">
      <Filter>Header Files</Filter>
    </ClInclude>
    <ClInclude Include="Header\game.hpp">
      <Filter>Header Files</Filter>
    </ClInclude>
    <ClInclude Include="Header\gamewindow.hpp">
      <Filter>Header Files</Filter>
    </ClInclude>
    <ClInclude Include="Header\glerrorcheck.hpp">
      <Filter>Header Files</Filter>
    </ClInclude>
    <ClInclude Include="Header\shaderexception.hpp">
      <Filter>Header Files</Filter>
    </ClInclude>
    <ClInclude Include="Header\shaderprogram.hpp">
      <Filter>Header Files</Filter>
    </ClInclude>
    <ClInclude Include="Header\stb_image.h">
      <Filter>Header Files</Filter>
    </ClInclude>
    <ClInclude Include="Header\texture.hpp">
      <Filter>Header Files</Filter>
    </ClInclude>
    <ClInclude Include="Header\geometrynode.hpp">
      <Filter>Header Files\Scene</Filter>
    </ClInclude>
    <ClInclude Include="Header\scenenode.hpp">
      <Filter>Header Files\Scene</Filter>
    </ClInclude>
    <ClInclude Include="Header\background.hpp">
      <Filter>Header Files\Scene</Filter>
    </ClInclude>
    <ClInclude Include="Header\scenemanager.hpp">
      <Filter>Header Files\Scene</Filter>
    </ClInclude>
    <ClInclude Include="Header\floor.hpp">
      <Filter>Header Files\Scene</Filter>
    </ClInclude>
    <ClInclude Include="Header\constant.hpp">
      <Filter>Header Files</Filter>
    </ClInclude>
  </ItemGroup>
  <ItemGroup>
    <ClCompile Include="Source\game.cpp">
      <Filter>Source Files</Filter>
    </ClCompile>
    <ClCompile Include="Source\gamewindow.cpp">
      <Filter>Source Files</Filter>
    </ClCompile>
    <ClCompile Include="Source\glerrorcheck.cpp">
      <Filter>Source Files</Filter>
    </ClCompile>
    <ClCompile Include="Source\shaderprogram.cpp">
      <Filter>Source Files</Filter>
    </ClCompile>
    <ClCompile Include="main.cpp">
      <Filter>Source Files</Filter>
    </ClCompile>
    <ClCompile Include="Source\texture.cpp">
      <Filter>Source Files</Filter>
    </ClCompile>
    <ClCompile Include="Source\background.cpp">
      <Filter>Source Files\Scene</Filter>
    </ClCompile>
    <ClCompile Include="Source\floor.cpp">
      <Filter>Source Files\Scene</Filter>
    </ClCompile>
    <ClCompile Include="Source\geometrynode.cpp">
      <Filter>Source Files\Scene</Filter>
    </ClCompile>
    <ClCompile Include="Source\scenenode.cpp">
      <Filter>Source Files\Scene</Filter>
    </ClCompile>
    <ClCompile Include="Source\scenemanager.cpp">
      <Filter>Source Files\Scene</Filter>
    </ClCompile>
  </ItemGroup>
  <ItemGroup>
    <Image Include="Resource\Texture\Tiles\grassTile.png">
      <Filter>Resource Files\Texture\Tiles</Filter>
    </Image>
    <Image Include="Resource\Texture\Background\BackgroundFar.png">
      <Filter>Resource Files\Texture\Background</Filter>
    </Image>
    <Image Include="Resource\Texture\Background\BackgoundMid.png">
      <Filter>Resource Files\Texture\Background</Filter>
    </Image>
  </ItemGroup>
</Project>